
Microsoft Visual Studio Solution File, Format Version 12.00
# Visual Studio Version 17
VisualStudioVersion = 17.4.33213.308
MinimumVisualStudioVersion = 10.0.40219.1
Project("{FAE04EC0-301F-11D3-BF4B-00C04F79EFBC}") = "Program Ocena Muzyki", "Program Ocena Muzyki\Program Ocena Muzyki.csproj", "{2A4BAF0C-41A7-4268-A492-51128E49932C}"
EndProject
Global
	GlobalSection(SolutionConfigurationPlatforms) = preSolution
		Debug|Any CPU = Debug|Any CPU
		Release|Any CPU = Release|Any CPU
	EndGlobalSection
	GlobalSection(ProjectConfigurationPlatforms) = postSolution
		{2A4BAF0C-41A7-4268-A492-51128E49932C}.Debug|Any CPU.ActiveCfg = Debug|Any CPU
		{2A4BAF0C-41A7-4268-A492-51128E49932C}.Debug|Any CPU.Build.0 = Debug|Any CPU
		{2A4BAF0C-41A7-4268-A492-51128E49932C}.Release|Any CPU.ActiveCfg = Release|Any CPU
		{2A4BAF0C-41A7-4268-A492-51128E49932C}.Release|Any CPU.Build.0 = Release|Any CPU
	EndGlobalSection
	GlobalSection(SolutionProperties) = preSolution
		HideSolutionNode = FALSE
	EndGlobalSection
	GlobalSection(ExtensibilityGlobals) = postSolution
		SolutionGuid = {B3643D4B-2BAD-459F-87B0-B8869AE5293A}
	EndGlobalSection
EndGlobal
